PODS:
  - Google-Mobile-Ads-SDK (13.4.0):
    - GoogleUserMessagingPlatform (>= 1.1)
  - GoogleUserMessagingPlatform (3.1.0)

DEPENDENCIES:
  - Google-Mobile-Ads-SDK

SPEC REPOS:
  trunk:
    - Google-Mobile-Ads-SDK
    - GoogleUserMessagingPlatform

SPEC CHECKSUMS:
  Google-Mobile-Ads-SDK: 5aa7af5189af2c75d1c32868062cf3692f1376f9
  GoogleUserMessagingPlatform: befe603da6501006420c206222acd449bba45a9c

PODFILE CHECKSUM: 273d4eb3dc20b72d67cd2ff55386ec42b03ddd60

COCOAPODS: 1.16.2
